// !$*UTF8*$!
{
	archiveVersion = 1;
	classes = {
	};
	objectVersion = 77;
	objects = {

/* Begin PBXContainerItemProxy section */
		5E8551C12F3CADDB00D97358 /* PBXContainerItemProxy */ = {
			isa = PBXContainerItemProxy;
			containerPortal = 5E8551AB2F3CADD900D97358 /* Project object */;
			proxyType = 1;
			remoteGlobalIDString = 5E8551B22F3CADD900D97358;
			remoteInfo = "Nobody Cares";
		};
		5E8551CB2F3CADDB00D97358 /* PBXContainerItemProxy */ = {
			isa = PBXContainerItemProxy;
			containerPortal = 5E8551AB2F3CADD900D97358 /* Project object */;
			proxyType = 1;
			remoteGlobalIDString = 5E8551B22F3CADD900D97358;
			remoteInfo = "Nobody Cares";
		};
/* End PBXContainerItemProxy section */

/* Begin PBXFileReference section */
		5E8551B32F3CADD900D97358 /* Nobody Cares.app */ = {isa = PBXFileReference; explicitFileType = wrapper.application; includeInIndex = 0; path = "Nobody Cares.app"; sourceTree = BUILT_PRODUCTS_DIR; };
		5E8551C02F3CADDB00D97358 /* Nobody CaresTests.xctest */ = {isa = PBXFileReference; explicitFileType = wrapper.cfbundle; includeInIndex = 0; path = "Nobody CaresTests.xctest"; sourceTree = BUILT_PRODUCTS_DIR; };
		5E8551CA2F3CADDB00D97358 /* Nobody CaresUITests.xctest */ = {isa = PBXFileReference; explicitFileType = wrapper.cfbundle; includeInIndex = 0; path = "Nobody CaresUITests.xctest"; sourceTree = BUILT_PRODUCTS_DIR; };
/* End PBXFileReference section */

/* Begin PBXFileSystemSynchronizedRootGroup section */
		5E8551B52F3CADD900D97358 /* Nobody Cares */ = {
			isa = PBXFileSystemSynchronizedRootGroup;
			path = "Nobody Cares";
			sourceTree = "<group>";
		};
		5E8551C32F3CADDB00D97358 /* Nobody CaresTests */ = {
			isa = PBXFileSystemSynchronizedRootGroup;
			path = "Nobody CaresTests";
			sourceTree = "<group>";
		};
		5E8551CD2F3CADDB00D97358 /* Nobody CaresUITests */ = {
			isa = PBXFileSystemSynchronizedRootGroup;
			path = "Nobody CaresUITests";
			sourceTree = "<group>";
		};
/* End PBXFileSystemSynchronizedRootGroup section */

/* Begin PBXFrameworksBuildPhase section */
		5E8551B02F3CADD900D97358 /* Frameworks */ = {
			isa = PBXFrameworksBuildPhase;
			buildActionMask = 2147483647;
			files = (
			);
			runOnlyForDeploymentPostprocessing = 0;
		};
		5E8551BD2F3CADDB00D97358 /* Frameworks */ = {
			isa = PBXFrameworksBuildPhase;
			buildActionMask = 2147483647;
			files = (
			);
			runOnlyForDeploymentPostprocessing = 0;
		};
		5E8551C72F3CADDB00D97358 /* Frameworks */ = {
			isa = PBXFrameworksBuildPhase;
			buildActionMask = 2147483647;
			files = (
			);
			runOnlyForDeploymentPostprocessing = 0;
		};
/* End PBXFrameworksBuildPhase section */

/* Begin PBXGroup section */
		5E8551AA2F3CADD900D97358 = {
			isa = PBXGroup;
			children = (
				5E8551B52F3CADD900D97358 /* Nobody Cares */,
				5E8551C32F3CADDB00D97358 /* Nobody CaresTests */,
				5E8551CD2F3CADDB00D97358 /* Nobody CaresUITests */,
				5E8551B42F3CADD900D97358 /* Products */,
			);
			sourceTree = "<group>";
		};
		5E8551B42F3CADD900D97358 /* Products */ = {
			isa = PBXGroup;
			children = (
				5E8551B32F3CADD900D97358 /* Nobody Cares.app */,
				5E8551C02F3CADDB00D97358 /* Nobody CaresTests.xctest */,
				5E8551CA2F3CADDB00D97358 /* Nobody CaresUITests.xctest */,
			);
			name = Products;
			sourceTree = "<group>";
		};
/* End PBXGroup section */

/* Begin PBXNativeTarget section */
		5E8551B22F3CADD900D97358 /* Nobody Cares */ = {
			isa = PBXNativeTarget;
			buildConfigurationList = 5E8551D42F3CADDB00D97358 /* Build configuration list for PBXNativeTarget "Nobody Cares" */;
			buildPhases = (
				5E8551AF2F3CADD900D97358 /* Sources */,
				5E8551B02F3CADD900D97358 /* Frameworks */,
				5E8551B12F3CADD900D97358 /* Resources */,
			);
			buildRules = (
			);
			dependencies = (
			);
			fileSystemSynchronizedGroups = (
				5E8551B52F3CADD900D97358 /* Nobody Cares */,
			);
			name = "Nobody Cares";
			packageProductDependencies = (
			);
			productName = "Nobody Cares";
			productReference = 5E8551B32F3CADD900D97358 /* Nobody Cares.app */;
			productType = "com.apple.product-type.application";
		};
		5E8551BF2F3CADDB00D97358 /* Nobody CaresTests */ = {
			isa = PBXNativeTarget;
			buildConfigurationList = 5E8551D72F3CADDB00D97358 /* Build configuration list for PBXNativeTarget "Nobody CaresTests" */;
			buildPhases = (
				5E8551BC2F3CADDB00D97358 /* Sources */,
				5E8551BD2F3CADDB00D97358 /* Frameworks */,
				5E8551BE2F3CADDB00D97358 /* Resources */,
			);
			buildRules = (
			);
			dependencies = (
				5E8551C22F3CADDB00D97358 /* PBXTargetDependency */,
			);
			fileSystemSynchronizedGroups = (
				5E8551C32F3CADDB00D97358 /* Nobody CaresTests */,
			);
			name = "Nobody CaresTests";
			packageProductDependencies = (
			);
			productName = "Nobody CaresTests";
			productReference = 5E8551C02F3CADDB00D97358 /* Nobody CaresTests.xctest */;
			productType = "com.apple.product-type.bundle.unit-test";
		};
		5E8551C92F3CADDB00D97358 /* Nobody CaresUITests */ = {
			isa = PBXNativeTarget;
			buildConfigurationList = 5E8551DA2F3CADDB00D97358 /* Build configuration list for PBXNativeTarget "Nobody CaresUITests" */;
			buildPhases = (
				5E8551C62F3CADDB00D97358 /* Sources */,
				5E8551C72F3CADDB00D97358 /* Frameworks */,
				5E8551C82F3CADDB00D97358 /* Resources */,
			);
			buildRules = (
			);
			dependencies = (
				5E8551CC2F3CADDB00D97358 /* PBXTargetDependency */,
			);
			fileSystemSynchronizedGroups = (
				5E8551CD2F3CADDB00D97358 /* Nobody CaresUITests */,
			);
			name = "Nobody CaresUITests";
			packageProductDependencies = (
			);
			productName = "Nobody CaresUITests";
			productReference = 5E8551CA2F3CADDB00D97358 /* Nobody CaresUITests.xctest */;
			productType = "com.apple.product-type.bundle.ui-testing";
		};
/* End PBXNativeTarget section */

/* Begin PBXProject section */
		5E8551AB2F3CADD900D97358 /* Project object */ = {
			isa = PBXProject;
			attributes = {
				BuildIndependentTargetsInParallel = 1;
				LastSwiftUpdateCheck = 1630;
				LastUpgradeCheck = 1630;
				TargetAttributes = {
					5E8551B22F3CADD900D97358 = {
						CreatedOnToolsVersion = 16.3;
					};
					5E8551BF2F3CADDB00D97358 = {
						CreatedOnToolsVersion = 16.3;
						TestTargetID = 5E8551B22F3CADD900D97358;
					};
					5E8551C92F3CADDB00D97358 = {
						CreatedOnToolsVersion = 16.3;
						TestTargetID = 5E8551B22F3CADD900D97358;
					};
				};
			};
			buildConfigurationList = 5E8551AE2F3CADD900D97358 /* Build configuration list for PBXProject "Nobody Cares" */;
			developmentRegion = en;
			hasScannedForEncodings = 0;
			knownRegions = (
				en,
				Base,
			);
			mainGroup = 5E8551AA2F3CADD900D97358;
			minimizedProjectReferenceProxies = 1;
			preferredProjectObjectVersion = 77;
			productRefGroup = 5E8551B42F3CADD900D97358 /* Products */;
			projectDirPath = "";
			projectRoot = "";
			targets = (
				5E8551B22F3CADD900D97358 /* Nobody Cares */,
				5E8551BF2F3CADDB00D97358 /* Nobody CaresTests */,
				5E8551C92F3CADDB00D97358 /* Nobody CaresUITests */,
			);
		};
/* End PBXProject section */

/* Begin PBXResourcesBuildPhase section */
		5E8551B12F3CADD900D97358 /* Resources */ = {
			isa = PBXResourcesBuildPhase;
			buildActionMask = 2147483647;
			files = (
			);
			runOnlyForDeploymentPostprocessing = 0;
		};
		5E8551BE2F3CADDB00D97358 /* Resources */ = {
			isa = PBXResourcesBuildPhase;
			buildActionMask = 2147483647;
			files = (
			);
			runOnlyForDeploymentPostprocessing = 0;
		};
		5E8551C82F3CADDB00D97358 /* Resources */ = {
			isa = PBXResourcesBuildPhase;
			buildActionMask = 2147483647;
			files = (
			);
			runOnlyForDeploymentPostprocessing = 0;
		};
/* End PBXResourcesBuildPhase section */

/* Begin PBXSourcesBuildPhase section */
		5E8551AF2F3CADD900D97358 /* Sources */ = {
			isa = PBXSourcesBuildPhase;
			buildActionMask = 2147483647;
			files = (
			);
			runOnlyForDeploymentPostprocessing = 0;
		};
		5E8551BC2F3CADDB00D97358 /* Sources */ = {
			isa = PBXSourcesBuildPhase;
			buildActionMask = 2147483647;
			files = (
			);
			runOnlyForDeploymentPostprocessing = 0;
		};
		5E8551C62F3CADDB00D97358 /* Sources */ = {
			isa = PBXSourcesBuildPhase;
			buildActionMask = 2147483647;
			files = (
			);
			runOnlyForDeploymentPostprocessing = 0;
		};
/* End PBXSourcesBuildPhase section */

/* Begin PBXTargetDependency section */
		5E8551C22F3CADDB00D97358 /* PBXTargetDependency */ = {
			isa = PBXTargetDependency;
			target = 5E8551B22F3CADD900D97358 /* Nobody Cares */;
			targetProxy = 5E8551C12F3CADDB00D97358 /* PBXContainerItemProxy */;
		};
		5E8551CC2F3CADDB00D97358 /* PBXTargetDependency */ = {
			isa = PBXTargetDependency;
			target = 5E8551B22F3CADD900D97358 /* Nobody Cares */;
			targetProxy = 5E8551CB2F3CADDB00D97358 /* PBXContainerItemProxy */;
		};
/* End PBXTargetDependency section */

/* Begin XCBuildConfiguration section */
		5E8551D22F3CADDB00D97358 /* Debug */ = {
			isa = XCBuildConfiguration;
			buildSettings = {
				ALWAYS_SEARCH_USER_PATHS = NO;
				ASSETCATALOG_COMPILER_GENERATE_SWIFT_ASSET_SYMBOL_EXTENSIONS = YES;
				CLANG_ANALYZER_NONNULL = YES;
				CLANG_ANALYZER_NUMBER_OBJECT_CONVERSION = YES_AGGRESSIVE;
				CLANG_CXX_LANGUAGE_STANDARD = "gnu++20";
				CLANG_ENABLE_MODULES = YES;
				CLANG_ENABLE_OBJC_ARC = YES;
				CLANG_ENABLE_OBJC_WEAK = YES;
				CLANG_WARN_BLOCK_CAPTURE_AUTORELEASING = YES;
				CLANG_WARN_BOOL_CONVERSION = YES;
				CLANG_WARN_COMMA = YES;
				CLANG_WARN_CONSTANT_CONVERSION = YES;
				CLANG_WARN_DEPRECATED_OBJC_IMPLEMENTATIONS = YES;
				CLANG_WARN_DIRECT_OBJC_ISA_USAGE = YES_ERROR;
				CLANG_WARN_DOCUMENTATION_COMMENTS = YES;
				CLANG_WARN_EMPTY_BODY = YES;
				CLANG_WARN_ENUM_CONVERSION = YES;
				CLANG_WARN_INFINITE_RECURSION = YES;
				CLANG_WARN_INT_CONVERSION = YES;
				CLANG_WARN_NON_LITERAL_NULL_CONVERSION = YES;
				CLANG_WARN_OBJC_IMPLICIT_RETAIN_SELF = YES;
				CLANG_WARN_OBJC_LITERAL_CONVERSION = YES;
				CLANG_WARN_OBJC_ROOT_CLASS = YES_ERROR;
				CLANG_WARN_QUOTED_INCLUDE_IN_FRAMEWORK_HEADER = YES;
				CLANG_WARN_RANGE_LOOP_ANALYSIS = YES;
				CLANG_WARN_STRICT_PROTOTYPES = YES;
				CLANG_WARN_SUSPICIOUS_MOVE = YES;
				CLANG_WARN_UNGUARDED_AVAILABILITY = YES_AGGRESSIVE;
				CLANG_WARN_UNREACHABLE_CODE = YES;
				CLANG_WARN__DUPLICATE_METHOD_MATCH = YES;
				COPY_PHASE_STRIP = NO;
				DEBUG_INFORMATION_FORMAT = dwarf;
				DEVELOPMENT_TEAM = 653BNKDSZS;
				ENABLE_STRICT_OBJC_MSGSEND = YES;
				ENABLE_TESTABILITY = YES;
				ENABLE_USER_SCRIPT_SANDBOXING = YES;
				GCC_C_LANGUAGE_STANDARD = gnu17;
				GCC_DYNAMIC_NO_PIC = NO;
				GCC_NO_COMMON_BLOCKS = YES;
				GCC_OPTIMIZATION_LEVEL = 0;
				GCC_PREPROCESSOR_DEFINITIONS = (
					"DEBUG=1",
					"$(inherited)",
				);
				GCC_WARN_64_TO_32_BIT_CONVERSION = YES;
				GCC_WARN_ABOUT_RETURN_TYPE = YES_ERROR;
				GCC_WARN_UNDECLARED_SELECTOR = YES;
				GCC_WARN_UNINITIALIZED_AUTOS = YES_AGGRESSIVE;
				GCC_WARN_UNUSED_FUNCTION = YES;
				GCC_WARN_UNUSED_VARIABLE = YES;
				IPHONEOS_DEPLOYMENT_TARGET = 18.4;
				LOCALIZATION_PREFERS_STRING_CATALOGS = YES;
				MTL_ENABLE_DEBUG_INFO = INCLUDE_SOURCE;
				MTL_FAST_MATH = YES;
				ONLY_ACTIVE_ARCH = YES;
				SDKROOT = iphoneos;
				SWIFT_ACTIVE_COMPILATION_CONDITIONS = "DEBUG $(inherited)";
				SWIFT_OPTIMIZATION_LEVEL = "-Onone";
			};
			name = Debug;
		};
		5E8551D32F3CADDB00D97358 /* Release */ = {
			isa = XCBuildConfiguration;
			buildSettings = {
				ALWAYS_SEARCH_USER_PATHS = NO;
				ASSETCATALOG_COMPILER_GENERATE_SWIFT_ASSET_SYMBOL_EXTENSIONS = YES;
				CLANG_ANALYZER_NONNULL = YES;
				CLANG_ANALYZER_NUMBER_OBJECT_CONVERSION = YES_AGGRESSIVE;
				CLANG_CXX_LANGUAGE_STANDARD = "gnu++20";
				CLANG_ENABLE_MODULES = YES;
				CLANG_ENABLE_OBJC_ARC = YES;
				CLANG_ENABLE_OBJC_WEAK = YES;
				CLANG_WARN_BLOCK_CAPTURE_AUTORELEASING = YES;
				CLANG_WARN_BOOL_CONVERSION = YES;
				CLANG_WARN_COMMA = YES;
				CLANG_WARN_CONSTANT_CONVERSION = YES;
				CLANG_WARN_DEPRECATED_OBJC_IMPLEMENTATIONS = YES;
				CLANG_WARN_DIRECT_OBJC_ISA_USAGE = YES_ERROR;
				CLANG_WARN_DOCUMENTATION_COMMENTS = YES;
				CLANG_WARN_EMPTY_BODY = YES;
				CLANG_WARN_ENUM_CONVERSION = YES;
				CLANG_WARN_INFINITE_RECURSION = YES;
				CLANG_WARN_INT_CONVERSION = YES;
				CLANG_WARN_NON_LITERAL_NULL_CONVERSION = YES;
				CLANG_WARN_OBJC_IMPLICIT_RETAIN_SELF = YES;
				CLANG_WARN_OBJC_LITERAL_CONVERSION = YES;
				CLANG_WARN_OBJC_ROOT_CLASS = YES_ERROR;
				CLANG_WARN_QUOTED_INCLUDE_IN_FRAMEWORK_HEADER = YES;
				CLANG_WARN_RANGE_LOOP_ANALYSIS = YES;
				CLANG_WARN_STRICT_PROTOTYPES = YES;
				CLANG_WARN_SUSPICIOUS_MOVE = YES;
				CLANG_WARN_UNGUARDED_AVAILABILITY = YES_AGGRESSIVE;
				CLANG_WARN_UNREACHABLE_CODE = YES;
				CLANG_WARN__DUPLICATE_METHOD_MATCH = YES;
				COPY_PHASE_STRIP = NO;
				DEBUG_INFORMATION_FORMAT = "dwarf-with-dsym";
				DEVELOPMENT_TEAM = 653BNKDSZS;
				ENABLE_NS_ASSERTIONS = NO;
				ENABLE_STRICT_OBJC_MSGSEND = YES;
				ENABLE_USER_SCRIPT_SANDBOXING = YES;
				GCC_C_LANGUAGE_STANDARD = gnu17;
				GCC_NO_COMMON_BLOCKS = YES;
				GCC_WARN_64_TO_32_BIT_CONVERSION = YES;
				GCC_WARN_ABOUT_RETURN_TYPE = YES_ERROR;
				GCC_WARN_UNDECLARED_SELECTOR = YES;
				GCC_WARN_UNINITIALIZED_AUTOS = YES_AGGRESSIVE;
				GCC_WARN_UNUSED_FUNCTION = YES;
				GCC_WARN_UNUSED_VARIABLE = YES;
				IPHONEOS_DEPLOYMENT_TARGET = 18.4;
				LOCALIZATION_PREFERS_STRING_CATALOGS = YES;
				MTL_ENABLE_DEBUG_INFO = NO;
				MTL_FAST_MATH = YES;
				SDKROOT = iphoneos;
				SWIFT_COMPILATION_MODE = wholemodule;
				VALIDATE_PRODUCT = YES;
			};
			name = Release;
		};
		5E8551D52F3CADDB00D97358 /* Debug */ = {
			isa = XCBuildConfiguration;
			buildSettings = {
				ASSETCATALOG_COMPILER_APPICON_NAME = AppIcon;
				ASSETCATALOG_COMPILER_GLOBAL_ACCENT_COLOR_NAME = AccentColor;
				CODE_SIGN_STYLE = Automatic;
				CURRENT_PROJECT_VERSION = 1;
				DEVELOPMENT_TEAM = 653BNKDSZS;
				ENABLE_PREVIEWS = YES;
				GENERATE_INFOPLIST_FILE = YES;
				INFOPLIST_KEY_UIApplicationSceneManifest_Generation = YES;
				INFOPLIST_KEY_UIApplicationSupportsIndirectInputEvents = YES;
				INFOPLIST_KEY_UILaunchScreen_Generation = YES;
				INFOPLIST_KEY_UISupportedInterfaceOrientations_iPad = "UIInterfaceOrientationPortrait UIInterfaceOrientationPortraitUpsideDown UIInterfaceOrientationLandscapeLeft UIInterfaceOrientationLandscapeRight";
				INFOPLIST_KEY_UISupportedInterfaceOrientations_iPhone = "UIInterfaceOrientationPortrait UIInterfaceOrientationLandscapeLeft UIInterfaceOrientationLandscapeRight";
				LD_RUNPATH_SEARCH_PATHS = (
					"$(inherited)",
					"@executable_path/Frameworks",
				);
				MARKETING_VERSION = 1.0;
				PRODUCT_BUNDLE_IDENTIFIER = "com.thisisbullish.noboycares.Nobody-Cares";
				PRODUCT_NAME = "$(TARGET_NAME)";
				SWIFT_EMIT_LOC_STRINGS = YES;
				SWIFT_VERSION = 5.0;
				TARGETED_DEVICE_FAMILY = "1,2";
			};
			name = Debug;
		};
		5E8551D62F3CADDB00D97358 /* Release */ = {
			isa = XCBuildConfiguration;
			buildSettings = {
				ASSETCATALOG_COMPILER_APPICON_NAME = AppIcon;
				ASSETCATALOG_COMPILER_GLOBAL_ACCENT_COLOR_NAME = AccentColor;
				CODE_SIGN_STYLE = Automatic;
				CURRENT_PROJECT_VERSION = 1;
				DEVELOPMENT_TEAM = 653BNKDSZS;
				ENABLE_PREVIEWS = YES;
				GENERATE_INFOPLIST_FILE = YES;
				INFOPLIST_KEY_UIApplicationSceneManifest_Generation = YES;
				INFOPLIST_KEY_UIApplicationSupportsIndirectInputEvents = YES;
				INFOPLIST_KEY_UILaunchScreen_Generation = YES;
				INFOPLIST_KEY_UISupportedInterfaceOrientations_iPad = "UIInterfaceOrientationPortrait UIInterfaceOrientationPortraitUpsideDown UIInterfaceOrientationLandscapeLeft UIInterfaceOrientationLandscapeRight";
				INFOPLIST_KEY_UISupportedInterfaceOrientations_iPhone = "UIInterfaceOrientationPortrait UIInterfaceOrientationLandscapeLeft UIInterfaceOrientationLandscapeRight";
				LD_RUNPATH_SEARCH_PATHS = (
					"$(inherited)",
					"@executable_path/Frameworks",
				);
				MARKETING_VERSION = 1.0;
				PRODUCT_BUNDLE_IDENTIFIER = "com.thisisbullish.noboycares.Nobody-Cares";
				PRODUCT_NAME = "$(TARGET_NAME)";
				SWIFT_EMIT_LOC_STRINGS = YES;
				SWIFT_VERSION = 5.0;
				TARGETED_DEVICE_FAMILY = "1,2";
			};
			name = Release;
		};
		5E8551D82F3CADDB00D97358 /* Debug */ = {
			isa = XCBuildConfiguration;
			buildSettings = {
				BUNDLE_LOADER = "$(TEST_HOST)";
				CODE_SIGN_STYLE = Automatic;
				CURRENT_PROJECT_VERSION = 1;
				DEVELOPMENT_TEAM = 653BNKDSZS;
				GENERATE_INFOPLIST_FILE = YES;
				IPHONEOS_DEPLOYMENT_TARGET = 18.4;
				MARKETING_VERSION = 1.0;
				PRODUCT_BUNDLE_IDENTIFIER = "com.thisisbullish.noboycares.Nobody-CaresTests";
				PRODUCT_NAME = "$(TARGET_NAME)";
				SWIFT_EMIT_LOC_STRINGS = NO;
				SWIFT_VERSION = 5.0;
				TARGETED_DEVICE_FAMILY = "1,2";
				TEST_HOST = "$(BUILT_PRODUCTS_DIR)/Nobody Cares.app/$(BUNDLE_EXECUTABLE_FOLDER_PATH)/Nobody Cares";
			};
			name = Debug;
		};
		5E8551D92F3CADDB00D97358 /* Release */ = {
			isa = XCBuildConfiguration;
			buildSettings = {
				BUNDLE_LOADER = "$(TEST_HOST)";
				CODE_SIGN_STYLE = Automatic;
				CURRENT_PROJECT_VERSION = 1;
				DEVELOPMENT_TEAM = 653BNKDSZS;
				GENERATE_INFOPLIST_FILE = YES;
				IPHONEOS_DEPLOYMENT_TARGET = 18.4;
				MARKETING_VERSION = 1.0;
				PRODUCT_BUNDLE_IDENTIFIER = "com.thisisbullish.noboycares.Nobody-CaresTests";
				PRODUCT_NAME = "$(TARGET_NAME)";
				SWIFT_EMIT_LOC_STRINGS = NO;
				SWIFT_VERSION = 5.0;
				TARGETED_DEVICE_FAMILY = "1,2";
				TEST_HOST = "$(BUILT_PRODUCTS_DIR)/Nobody Cares.app/$(BUNDLE_EXECUTABLE_FOLDER_PATH)/Nobody Cares";
			};
			name = Release;
		};
		5E8551DB2F3CADDB00D97358 /* Debug */ = {
			isa = XCBuildConfiguration;
			buildSettings = {
				CODE_SIGN_STYLE = Automatic;
				CURRENT_PROJECT_VERSION = 1;
				DEVELOPMENT_TEAM = 653BNKDSZS;
				GENERATE_INFOPLIST_FILE = YES;
				MARKETING_VERSION = 1.0;
				PRODUCT_BUNDLE_IDENTIFIER = "com.thisisbullish.noboycares.Nobody-CaresUITests";
				PRODUCT_NAME = "$(TARGET_NAME)";
				SWIFT_EMIT_LOC_STRINGS = NO;
				SWIFT_VERSION = 5.0;
				TARGETED_DEVICE_FAMILY = "1,2";
				TEST_TARGET_NAME = "Nobody Cares";
			};
			name = Debug;
		};
		5E8551DC2F3CADDB00D97358 /* Release */ = {
			isa = XCBuildConfiguration;
			buildSettings = {
				CODE_SIGN_STYLE = Automatic;
				CURRENT_PROJECT_VERSION = 1;
				DEVELOPMENT_TEAM = 653BNKDSZS;
				GENERATE_INFOPLIST_FILE = YES;
				MARKETING_VERSION = 1.0;
				PRODUCT_BUNDLE_IDENTIFIER = "com.thisisbullish.noboycares.Nobody-CaresUITests";
				PRODUCT_NAME = "$(TARGET_NAME)";
				SWIFT_EMIT_LOC_STRINGS = NO;
				SWIFT_VERSION = 5.0;
				TARGETED_DEVICE_FAMILY = "1,2";
				TEST_TARGET_NAME = "Nobody Cares";
			};
			name = Release;
		};
/* End XCBuildConfiguration section */

/* Begin XCConfigurationList section */
		5E8551AE2F3CADD900D97358 /* Build configuration list for PBXProject "Nobody Cares" */ = {
			isa = XCConfigurationList;
			buildConfigurations = (
				5E8551D22F3CADDB00D97358 /* Debug */,
				5E8551D32F3CADDB00D97358 /* Release */,
			);
			defaultConfigurationIsVisible = 0;
			defaultConfigurationName = Release;
		};
		5E8551D42F3CADDB00D97358 /* Build configuration list for PBXNativeTarget "Nobody Cares" */ = {
			isa = XCConfigurationList;
			buildConfigurations = (
				5E8551D52F3CADDB00D97358 /* Debug */,
				5E8551D62F3CADDB00D97358 /* Release */,
			);
			defaultConfigurationIsVisible = 0;
			defaultConfigurationName = Release;
		};
		5E8551D72F3CADDB00D97358 /* Build configuration list for PBXNativeTarget "Nobody CaresTests" */ = {
			isa = XCConfigurationList;
			buildConfigurations = (
				5E8551D82F3CADDB00D97358 /* Debug */,
				5E8551D92F3CADDB00D97358 /* Release */,
			);
			defaultConfigurationIsVisible = 0;
			defaultConfigurationName = Release;
		};
		5E8551DA2F3CADDB00D97358 /* Build configuration list for PBXNativeTarget "Nobody CaresUITests" */ = {
			isa = XCConfigurationList;
			buildConfigurations = (
				5E8551DB2F3CADDB00D97358 /* Debug */,
				5E8551DC2F3CADDB00D97358 /* Release */,
			);
			defaultConfigurationIsVisible = 0;
			defaultConfigurationName = Release;
		};
/* End XCConfigurationList section */
	};
	rootObject = 5E8551AB2F3CADD900D97358 /* Project object */;
}
